
Microsoft Visual Studio Solution File, Format Version 12.00
# Visual Studio 2012
Project("{8BC9CEB8-8B4A-11D0-8D11-00A0C91BC942}") = "SimpleCamera", "SimpleCamera\SimpleCamera.vcxproj", "{CFFB9937-4736-46A8-85CC-B569652E0F1B}"
EndProject
Global
	GlobalSection(SolutionConfigurationPlatforms) = preSolution
		Debug|Win32 = Debug|Win32
		Release|Win32 = Release|Win32
	EndGlobalSection
	GlobalSection(ProjectConfigurationPlatforms) = postSolution
		{CFFB9937-4736-46A8-85CC-B569652E0F1B}.Debug|Win32.ActiveCfg = Debug|Win32
		{CFFB9937-4736-46A8-85CC-B569652E0F1B}.Debug|Win32.Build.0 = Debug|Win32
		{CFFB9937-4736-46A8-85CC-B569652E0F1B}.Release|Win32.ActiveCfg = Release|Win32
		{CFFB9937-4736-46A8-85CC-B569652E0F1B}.Release|Win32.Build.0 = Release|Win32
	EndGlobalSection
	GlobalSection(SolutionProperties) = preSolution
		HideSolutionNode = FALSE
	EndGlobalSection
EndGlobal
